
Microsoft Visual Studio Solution File, Format Version 12.00
# Visual Studio 2012
Project("{FAE04EC0-301F-11D3-BF4B-00C04F79EFBC}") = "WestWorkflowTools", "WestWorkflowTools\WestWorkflowTools.csproj", "{2972A22E-E9EF-494E-AA75-FA1AE7AC48F5}"
EndProject
Global
	GlobalSection(CRMSolutionProperties) = preSolution
		SolutionIsBoundToCRM = True
	EndGlobalSection
	GlobalSection(SolutionConfigurationPlatforms) = preSolution
		Debug|Any CPU = Debug|Any CPU
		Release|Any CPU = Release|Any CPU
	EndGlobalSection
	GlobalSection(ProjectConfigurationPlatforms) = postSolution
		{2972A22E-E9EF-494E-AA75-FA1AE7AC48F5}.Debug|Any CPU.ActiveCfg = Debug|Any CPU
		{2972A22E-E9EF-494E-AA75-FA1AE7AC48F5}.Debug|Any CPU.Build.0 = Debug|Any CPU
		{2972A22E-E9EF-494E-AA75-FA1AE7AC48F5}.Release|Any CPU.ActiveCfg = Release|Any CPU
		{2972A22E-E9EF-494E-AA75-FA1AE7AC48F5}.Release|Any CPU.Build.0 = Release|Any CPU
	EndGlobalSection
	GlobalSection(SolutionProperties) = preSolution
		HideSolutionNode = FALSE
	EndGlobalSection
EndGlobal
